<?xml version="1.0" encoding="utf-8"?>
<Project ToolsVersion="4.0" xmlns="http://schemas.microsoft.com/developer/msbuild/2003">
  <ItemGroup>
    <Filter Include="Файлы исходного кода">
      <UniqueIdentifier>{4FC737F1-C7A5-4376-A066-2A32D752A2FF}</UniqueIdentifier>
      <Extensions>cpp;c;cc;cxx;def;odl;idl;hpj;bat;asm;asmx</Extensions>
    </Filter>
    <Filter Include="Заголовочные файлы">
      <UniqueIdentifier>{93995380-89BD-4b04-88EB-625FBE52EBFB}</UniqueIdentifier>
      <Extensions>h;hh;hpp;hxx;hm;inl;inc;xsd</Extensions>
    </Filter>
    <Filter Include="Файлы ресурсов">
      <UniqueIdentifier>{67DA6AB6-F800-4c08-8B7A-83BB121AAD01}</UniqueIdentifier>
      <Extensions>rc;ico;cur;bmp;dlg;rc2;rct;bin;rgs;gif;jpg;jpeg;jpe;resx;tiff;tif;png;wav;mfcribbon-ms</Extensions>
    </Filter>
    <Filter Include="Заголовочные файлы\Server">
      <UniqueIdentifier>{4bb5e9f6-eb6a-4118-992e-36e6ad4668e2}</UniqueIdentifier>
    </Filter>
    <Filter Include="Файлы исходного кода\Server">
      <UniqueIdentifier>{1a965a26-3598-4e71-9047-898e64f835dc}</UniqueIdentifier>
    </Filter>
    <Filter Include="Заголовочные файлы\RakNet">
      <UniqueIdentifier>{d2b8ee91-8298-4c8b-a13a-17948a905479}</UniqueIdentifier>
    </Filter>
    <Filter Include="Файлы исходного кода\RakNet">
      <UniqueIdentifier>{145b24fa-c3bf-47fb-a2c1-c66ecf255dbf}</UniqueIdentifier>
    </Filter>
    <Filter Include="Файлы исходного кода\Server\Packets">
      <UniqueIdentifier>{2d7b5d59-7c02-4d6b-8a00-22bc0bf5804e}</UniqueIdentifier>
    </Filter>
    <Filter Include="Заголовочные файлы\Server\Packets">
      <UniqueIdentifier>{05986400-9662-46d5-aaa3-a01245890287}</UniqueIdentifier>
    </Filter>
    <Filter Include="Заголовочные файлы\Server\Handlers">
      <UniqueIdentifier>{c482b1ec-bbec-410a-99fc-36724c2ce08d}</UniqueIdentifier>
    </Filter>
    <Filter Include="Заголовочные файлы\Server\rpc">
      <UniqueIdentifier>{60de8dcf-0964-4f4c-9cce-eed9991a359f}</UniqueIdentifier>
    </Filter>
    <Filter Include="Заголовочные файлы\Server\Tasks">
      <UniqueIdentifier>{c93b1193-17f9-4f56-af03-597684ab9bf3}</UniqueIdentifier>
    </Filter>
    <Filter Include="Заголовочные файлы\Server\Signals">
      <UniqueIdentifier>{076eeeca-6481-4580-a883-05c593cf85fd}</UniqueIdentifier>
    </Filter>
    <Filter Include="Заголовочные файлы\Server\Workers">
      <UniqueIdentifier>{3149493e-c921-4092-9c70-dabfab163a8b}</UniqueIdentifier>
    </Filter>
    <Filter Include="Заголовочные файлы\Server\Utils">
      <UniqueIdentifier>{4b96bfc3-f6b7-4a7a-a41b-f4298f93b792}</UniqueIdentifier>
    </Filter>
    <Filter Include="Заголовочные файлы\Server\GameObjects">
      <UniqueIdentifier>{47269e62-5d0d-484c-841e-f038bc63a5fe}</UniqueIdentifier>
    </Filter>
    <Filter Include="Заголовочные файлы\Server\Net">
      <UniqueIdentifier>{5da62b15-5b9f-46c4-b400-8b18d4cc12ff}</UniqueIdentifier>
    </Filter>
    <Filter Include="Заголовочные файлы\Server\Enums">
      <UniqueIdentifier>{ddd78d83-dc20-4f2f-863f-622ab9fff6ad}</UniqueIdentifier>
    </Filter>
    <Filter Include="Файлы исходного кода\Server\Net">
      <UniqueIdentifier>{825a6081-5b98-4a74-8bef-52626e918fb8}</UniqueIdentifier>
    </Filter>
    <Filter Include="Файлы исходного кода\Server\Utils">
      <UniqueIdentifier>{d86fc92f-99bf-4e0c-8e59-5d70ba998a94}</UniqueIdentifier>
    </Filter>
    <Filter Include="Файлы исходного кода\Server\Workers">
      <UniqueIdentifier>{3f3166c4-5c13-4e22-bec4-84ac423b4b09}</UniqueIdentifier>
    </Filter>
    <Filter Include="Файлы исходного кода\Server\GameObjects">
      <UniqueIdentifier>{791d7efa-f098-4302-a1e5-81adde50902a}</UniqueIdentifier>
    </Filter>
    <Filter Include="Файлы исходного кода\Server\Low">
      <UniqueIdentifier>{5df2f6e7-94c0-44d6-a1d4-9b9bf5baf2fc}</UniqueIdentifier>
    </Filter>
    <Filter Include="Файлы исходного кода\Server\Tasks">
      <UniqueIdentifier>{5dec0ccc-40ef-46b6-b5ab-b189435b0ac5}</UniqueIdentifier>
    </Filter>
    <Filter Include="Файлы исходного кода\Server\Signals">
      <UniqueIdentifier>{dfcbda5d-e44e-467b-84ba-1310d1670b09}</UniqueIdentifier>
    </Filter>
    <Filter Include="Заголовочные файлы\Server\Structs">
      <UniqueIdentifier>{20b857d6-ff0d-44df-a6fa-666ba8d11ee6}</UniqueIdentifier>
    </Filter>
  </ItemGroup>
  <ItemGroup>
    <Text Include="ReadMe.txt" />
    <Text Include="..\..\..\..\RakNet-master-without-libcat\Source\CMakeLists.txt" />
  </ItemGroup>
  <ItemGroup>
    <ClInclude Include="stdafx.h">
      <Filter>Заголовочные файлы</Filter>
    </ClInclude>
    <ClInclude Include="targetver.h">
      <Filter>Заголовочные файлы</Filter>
    </ClInclude>
    <ClInclude Include="..\Deps\Rak-Net\Source\VariadicSQLParser.h">
      <Filter>Заголовочные файлы\RakNet</Filter>
    </ClInclude>
    <ClInclude Include="..\Deps\Rak-Net\Source\VitaIncludes.h">
      <Filter>Заголовочные файлы\RakNet</Filter>
    </ClInclude>
    <ClInclude Include="..\Deps\Rak-Net\Source\WindowsIncludes.h">
      <Filter>Заголовочные файлы\RakNet</Filter>
    </ClInclude>
    <ClInclude Include="..\Deps\Rak-Net\Source\WSAStartupSingleton.h">
      <Filter>Заголовочные файлы\RakNet</Filter>
    </ClInclude>
    <ClInclude Include="..\Deps\Rak-Net\Source\XBox360Includes.h">
      <Filter>Заголовочные файлы\RakNet</Filter>
    </ClInclude>
    <ClInclude Include="..\Deps\Rak-Net\Source\_FindFirst.h">
      <Filter>Заголовочные файлы\RakNet</Filter>
    </ClInclude>
    <ClInclude Include="..\Deps\Rak-Net\Source\AutopatcherPatchContext.h">
      <Filter>Заголовочные файлы\RakNet</Filter>
    </ClInclude>
    <ClInclude Include="..\Deps\Rak-Net\Source\AutopatcherRepositoryInterface.h">
      <Filter>Заголовочные файлы\RakNet</Filter>
    </ClInclude>
    <ClInclude Include="..\Deps\Rak-Net\Source\Base64Encoder.h">
      <Filter>Заголовочные файлы\RakNet</Filter>
    </ClInclude>
    <ClInclude Include="..\Deps\Rak-Net\Source\BitStream.h">
      <Filter>Заголовочные файлы\RakNet</Filter>
    </ClInclude>
    <ClInclude Include="..\Deps\Rak-Net\Source\CCRakNetSlidingWindow.h">
      <Filter>Заголовочные файлы\RakNet</Filter>
    </ClInclude>
    <ClInclude Include="..\Deps\Rak-Net\Source\CCRakNetUDT.h">
      <Filter>Заголовочные файлы\RakNet</Filter>
    </ClInclude>
    <ClInclude Include="..\Deps\Rak-Net\Source\CheckSum.h">
      <Filter>Заголовочные файлы\RakNet</Filter>
    </ClInclude>
    <ClInclude Include="..\Deps\Rak-Net\Source\CloudClient.h">
      <Filter>Заголовочные файлы\RakNet</Filter>
    </ClInclude>
    <ClInclude Include="..\Deps\Rak-Net\Source\CloudCommon.h">
      <Filter>Заголовочные файлы\RakNet</Filter>
    </ClInclude>
    <ClInclude Include="..\Deps\Rak-Net\Source\CloudServer.h">
      <Filter>Заголовочные файлы\RakNet</Filter>
    </ClInclude>
    <ClInclude Include="..\Deps\Rak-Net\Source\CommandParserInterface.h">
      <Filter>Заголовочные файлы\RakNet</Filter>
    </ClInclude>
    <ClInclude Include="..\Deps\Rak-Net\Source\ConnectionGraph2.h">
      <Filter>Заголовочные файлы\RakNet</Filter>
    </ClInclude>
    <ClInclude Include="..\Deps\Rak-Net\Source\ConsoleServer.h">
      <Filter>Заголовочные файлы\RakNet</Filter>
    </ClInclude>
    <ClInclude Include="..\Deps\Rak-Net\Source\DataCompressor.h">
      <Filter>Заголовочные файлы\RakNet</Filter>
    </ClInclude>
    <ClInclude Include="..\Deps\Rak-Net\Source\DirectoryDeltaTransfer.h">
      <Filter>Заголовочные файлы\RakNet</Filter>
    </ClInclude>
    <ClInclude Include="..\Deps\Rak-Net\Source\DR_SHA1.h">
      <Filter>Заголовочные файлы\RakNet</Filter>
    </ClInclude>
    <ClInclude Include="..\Deps\Rak-Net\Source\DS_BinarySearchTree.h">
      <Filter>Заголовочные файлы\RakNet</Filter>
    </ClInclude>
    <ClInclude Include="..\Deps\Rak-Net\Source\DS_BPlusTree.h">
      <Filter>Заголовочные файлы\RakNet</Filter>
    </ClInclude>
    <ClInclude Include="..\Deps\Rak-Net\Source\DS_BytePool.h">
      <Filter>Заголовочные файлы\RakNet</Filter>
    </ClInclude>
    <ClInclude Include="..\Deps\Rak-Net\Source\DS_ByteQueue.h">
      <Filter>Заголовочные файлы\RakNet</Filter>
    </ClInclude>
    <ClInclude Include="..\Deps\Rak-Net\Source\DS_Hash.h">
      <Filter>Заголовочные файлы\RakNet</Filter>
    </ClInclude>
    <ClInclude Include="..\Deps\Rak-Net\Source\DS_Heap.h">
      <Filter>Заголовочные файлы\RakNet</Filter>
    </ClInclude>
    <ClInclude Include="..\Deps\Rak-Net\Source\DS_HuffmanEncodingTree.h">
      <Filter>Заголовочные файлы\RakNet</Filter>
    </ClInclude>
    <ClInclude Include="..\Deps\Rak-Net\Source\DS_HuffmanEncodingTreeFactory.h">
      <Filter>Заголовочные файлы\RakNet</Filter>
    </ClInclude>
    <ClInclude Include="..\Deps\Rak-Net\Source\DS_HuffmanEncodingTreeNode.h">
      <Filter>Заголовочные файлы\RakNet</Filter>
    </ClInclude>
    <ClInclude Include="..\Deps\Rak-Net\Source\DS_LinkedList.h">
      <Filter>Заголовочные файлы\RakNet</Filter>
    </ClInclude>
    <ClInclude Include="..\Deps\Rak-Net\Source\DS_List.h">
      <Filter>Заголовочные файлы\RakNet</Filter>
    </ClInclude>
    <ClInclude Include="..\Deps\Rak-Net\Source\DS_Map.h">
      <Filter>Заголовочные файлы\RakNet</Filter>
    </ClInclude>
    <ClInclude Include="..\Deps\Rak-Net\Source\DS_MemoryPool.h">
      <Filter>Заголовочные файлы\RakNet</Filter>
    </ClInclude>
    <ClInclude Include="..\Deps\Rak-Net\Source\DS_Multilist.h">
      <Filter>Заголовочные файлы\RakNet</Filter>
    </ClInclude>
    <ClInclude Include="..\Deps\Rak-Net\Source\DS_OrderedChannelHeap.h">
      <Filter>Заголовочные файлы\RakNet</Filter>
    </ClInclude>
    <ClInclude Include="..\Deps\Rak-Net\Source\DS_OrderedList.h">
      <Filter>Заголовочные файлы\RakNet</Filter>
    </ClInclude>
    <ClInclude Include="..\Deps\Rak-Net\Source\DS_Queue.h">
      <Filter>Заголовочные файлы\RakNet</Filter>
    </ClInclude>
    <ClInclude Include="..\Deps\Rak-Net\Source\DS_QueueLinkedList.h">
      <Filter>Заголовочные файлы\RakNet</Filter>
    </ClInclude>
    <ClInclude Include="..\Deps\Rak-Net\Source\DS_RangeList.h">
      <Filter>Заголовочные файлы\RakNet</Filter>
    </ClInclude>
    <ClInclude Include="..\Deps\Rak-Net\Source\DS_Table.h">
      <Filter>Заголовочные файлы\RakNet</Filter>
    </ClInclude>
    <ClInclude Include="..\Deps\Rak-Net\Source\DS_ThreadsafeAllocatingQueue.h">
      <Filter>Заголовочные файлы\RakNet</Filter>
    </ClInclude>
    <ClInclude Include="..\Deps\Rak-Net\Source\DS_Tree.h">
      <Filter>Заголовочные файлы\RakNet</Filter>
    </ClInclude>
    <ClInclude Include="..\Deps\Rak-Net\Source\DS_WeightedGraph.h">
      <Filter>Заголовочные файлы\RakNet</Filter>
    </ClInclude>
    <ClInclude Include="..\Deps\Rak-Net\Source\DynDNS.h">
      <Filter>Заголовочные файлы\RakNet</Filter>
    </ClInclude>
    <ClInclude Include="..\Deps\Rak-Net\Source\EmailSender.h">
      <Filter>Заголовочные файлы\RakNet</Filter>
    </ClInclude>
    <ClInclude Include="..\Deps\Rak-Net\Source\EmptyHeader.h">
      <Filter>Заголовочные файлы\RakNet</Filter>
    </ClInclude>
    <ClInclude Include="..\Deps\Rak-Net\Source\EpochTimeToString.h">
      <Filter>Заголовочные файлы\RakNet</Filter>
    </ClInclude>
    <ClInclude Include="..\Deps\Rak-Net\Source\Export.h">
      <Filter>Заголовочные файлы\RakNet</Filter>
    </ClInclude>
    <ClInclude Include="..\Deps\Rak-Net\Source\FileList.h">
      <Filter>Заголовочные файлы\RakNet</Filter>
    </ClInclude>
    <ClInclude Include="..\Deps\Rak-Net\Source\FileListNodeContext.h">
      <Filter>Заголовочные файлы\RakNet</Filter>
    </ClInclude>
    <ClInclude Include="..\Deps\Rak-Net\Source\FileListTransfer.h">
      <Filter>Заголовочные файлы\RakNet</Filter>
    </ClInclude>
    <ClInclude Include="..\Deps\Rak-Net\Source\FileListTransferCBInterface.h">
      <Filter>Заголовочные файлы\RakNet</Filter>
    </ClInclude>
    <ClInclude Include="..\Deps\Rak-Net\Source\FileOperations.h">
      <Filter>Заголовочные файлы\RakNet</Filter>
    </ClInclude>
    <ClInclude Include="..\Deps\Rak-Net\Source\FormatString.h">
      <Filter>Заголовочные файлы\RakNet</Filter>
    </ClInclude>
    <ClInclude Include="..\Deps\Rak-Net\Source\FullyConnectedMesh2.h">
      <Filter>Заголовочные файлы\RakNet</Filter>
    </ClInclude>
    <ClInclude Include="..\Deps\Rak-Net\Source\Getche.h">
      <Filter>Заголовочные файлы\RakNet</Filter>
    </ClInclude>
    <ClInclude Include="..\Deps\Rak-Net\Source\Gets.h">
      <Filter>Заголовочные файлы\RakNet</Filter>
    </ClInclude>
    <ClInclude Include="..\Deps\Rak-Net\Source\GetTime.h">
      <Filter>Заголовочные файлы\RakNet</Filter>
    </ClInclude>
    <ClInclude Include="..\Deps\Rak-Net\Source\gettimeofday.h">
      <Filter>Заголовочные файлы\RakNet</Filter>
    </ClInclude>
    <ClInclude Include="..\Deps\Rak-Net\Source\GridSectorizer.h">
      <Filter>Заголовочные файлы\RakNet</Filter>
    </ClInclude>
    <ClInclude Include="..\Deps\Rak-Net\Source\HTTPConnection.h">
      <Filter>Заголовочные файлы\RakNet</Filter>
    </ClInclude>
    <ClInclude Include="..\Deps\Rak-Net\Source\HTTPConnection2.h">
      <Filter>Заголовочные файлы\RakNet</Filter>
    </ClInclude>
    <ClInclude Include="..\Deps\Rak-Net\Source\IncrementalReadInterface.h">
      <Filter>Заголовочные файлы\RakNet</Filter>
    </ClInclude>
    <ClInclude Include="..\Deps\Rak-Net\Source\InternalPacket.h">
      <Filter>Заголовочные файлы\RakNet</Filter>
    </ClInclude>
    <ClInclude Include="..\Deps\Rak-Net\Source\Itoa.h">
      <Filter>Заголовочные файлы\RakNet</Filter>
    </ClInclude>
    <ClInclude Include="..\Deps\Rak-Net\Source\Kbhit.h">
      <Filter>Заголовочные файлы\RakNet</Filter>
    </ClInclude>
    <ClInclude Include="..\Deps\Rak-Net\Source\LinuxStrings.h">
      <Filter>Заголовочные файлы\RakNet</Filter>
    </ClInclude>
    <ClInclude Include="..\Deps\Rak-Net\Source\LocklessTypes.h">
      <Filter>Заголовочные файлы\RakNet</Filter>
    </ClInclude>
    <ClInclude Include="..\Deps\Rak-Net\Source\LogCommandParser.h">
      <Filter>Заголовочные файлы\RakNet</Filter>
    </ClInclude>
    <ClInclude Include="..\Deps\Rak-Net\Source\MessageFilter.h">
      <Filter>Заголовочные файлы\RakNet</Filter>
    </ClInclude>
    <ClInclude Include="..\Deps\Rak-Net\Source\MessageIdentifiers.h">
      <Filter>Заголовочные файлы\RakNet</Filter>
    </ClInclude>
    <ClInclude Include="..\Deps\Rak-Net\Source\MTUSize.h">
      <Filter>Заголовочные файлы\RakNet</Filter>
    </ClInclude>
    <ClInclude Include="..\Deps\Rak-Net\Source\NativeFeatureIncludes.h">
      <Filter>Заголовочные файлы\RakNet</Filter>
    </ClInclude>
    <ClInclude Include="..\Deps\Rak-Net\Source\NativeFeatureIncludesOverrides.h">
      <Filter>Заголовочные файлы\RakNet</Filter>
    </ClInclude>
    <ClInclude Include="..\Deps\Rak-Net\Source\NativeTypes.h">
      <Filter>Заголовочные файлы\RakNet</Filter>
    </ClInclude>
    <ClInclude Include="..\Deps\Rak-Net\Source\NatPunchthroughClient.h">
      <Filter>Заголовочные файлы\RakNet</Filter>
    </ClInclude>
    <ClInclude Include="..\Deps\Rak-Net\Source\NatPunchthroughServer.h">
      <Filter>Заголовочные файлы\RakNet</Filter>
    </ClInclude>
    <ClInclude Include="..\Deps\Rak-Net\Source\NatTypeDetectionClient.h">
      <Filter>Заголовочные файлы\RakNet</Filter>
    </ClInclude>
    <ClInclude Include="..\Deps\Rak-Net\Source\NatTypeDetectionCommon.h">
      <Filter>Заголовочные файлы\RakNet</Filter>
    </ClInclude>
    <ClInclude Include="..\Deps\Rak-Net\Source\NatTypeDetectionServer.h">
      <Filter>Заголовочные файлы\RakNet</Filter>
    </ClInclude>
    <ClInclude Include="..\Deps\Rak-Net\Source\NetworkIDManager.h">
      <Filter>Заголовочные файлы\RakNet</Filter>
    </ClInclude>
    <ClInclude Include="..\Deps\Rak-Net\Source\NetworkIDObject.h">
      <Filter>Заголовочные файлы\RakNet</Filter>
    </ClInclude>
    <ClInclude Include="..\Deps\Rak-Net\Source\PacketConsoleLogger.h">
      <Filter>Заголовочные файлы\RakNet</Filter>
    </ClInclude>
    <ClInclude Include="..\Deps\Rak-Net\Source\PacketFileLogger.h">
      <Filter>Заголовочные файлы\RakNet</Filter>
    </ClInclude>
    <ClInclude Include="..\Deps\Rak-Net\Source\PacketizedTCP.h">
      <Filter>Заголовочные файлы\RakNet</Filter>
    </ClInclude>
    <ClInclude Include="..\Deps\Rak-Net\Source\PacketLogger.h">
      <Filter>Заголовочные файлы\RakNet</Filter>
    </ClInclude>
    <ClInclude Include="..\Deps\Rak-Net\Source\PacketOutputWindowLogger.h">
      <Filter>Заголовочные файлы\RakNet</Filter>
    </ClInclude>
    <ClInclude Include="..\Deps\Rak-Net\Source\PacketPool.h">
      <Filter>Заголовочные файлы\RakNet</Filter>
    </ClInclude>
    <ClInclude Include="..\Deps\Rak-Net\Source\PacketPriority.h">
      <Filter>Заголовочные файлы\RakNet</Filter>
    </ClInclude>
    <ClInclude Include="..\Deps\Rak-Net\Source\PluginInterface2.h">
      <Filter>Заголовочные файлы\RakNet</Filter>
    </ClInclude>
    <ClInclude Include="..\Deps\Rak-Net\Source\PS3Includes.h">
      <Filter>Заголовочные файлы\RakNet</Filter>
    </ClInclude>
    <ClInclude Include="..\Deps\Rak-Net\Source\PS4Includes.h">
      <Filter>Заголовочные файлы\RakNet</Filter>
    </ClInclude>
    <ClInclude Include="..\Deps\Rak-Net\Source\Rackspace.h">
      <Filter>Заголовочные файлы\RakNet</Filter>
    </ClInclude>
    <ClInclude Include="..\Deps\Rak-Net\Source\RakAlloca.h">
      <Filter>Заголовочные файлы\RakNet</Filter>
    </ClInclude>
    <ClInclude Include="..\Deps\Rak-Net\Source\RakAssert.h">
      <Filter>Заголовочные файлы\RakNet</Filter>
    </ClInclude>
    <ClInclude Include="..\Deps\Rak-Net\Source\RakMemoryOverride.h">
      <Filter>Заголовочные файлы\RakNet</Filter>
    </ClInclude>
    <ClInclude Include="..\Deps\Rak-Net\Source\RakNetCommandParser.h">
      <Filter>Заголовочные файлы\RakNet</Filter>
    </ClInclude>
    <ClInclude Include="..\Deps\Rak-Net\Source\RakNetDefines.h">
      <Filter>Заголовочные файлы\RakNet</Filter>
    </ClInclude>
    <ClInclude Include="..\Deps\Rak-Net\Source\RakNetDefinesOverrides.h">
      <Filter>Заголовочные файлы\RakNet</Filter>
    </ClInclude>
    <ClInclude Include="..\Deps\Rak-Net\Source\RakNetSmartPtr.h">
      <Filter>Заголовочные файлы\RakNet</Filter>
    </ClInclude>
    <ClInclude Include="..\Deps\Rak-Net\Source\RakNetSocket.h">
      <Filter>Заголовочные файлы\RakNet</Filter>
    </ClInclude>
    <ClInclude Include="..\Deps\Rak-Net\Source\RakNetSocket2.h">
      <Filter>Заголовочные файлы\RakNet</Filter>
    </ClInclude>
    <ClInclude Include="..\Deps\Rak-Net\Source\RakNetStatistics.h">
      <Filter>Заголовочные файлы\RakNet</Filter>
    </ClInclude>
    <ClInclude Include="..\Deps\Rak-Net\Source\RakNetTime.h">
      <Filter>Заголовочные файлы\RakNet</Filter>
    </ClInclude>
    <ClInclude Include="..\Deps\Rak-Net\Source\RakNetTransport2.h">
      <Filter>Заголовочные файлы\RakNet</Filter>
    </ClInclude>
    <ClInclude Include="..\Deps\Rak-Net\Source\RakNetTypes.h">
      <Filter>Заголовочные файлы\RakNet</Filter>
    </ClInclude>
    <ClInclude Include="..\Deps\Rak-Net\Source\RakNetVersion.h">
      <Filter>Заголовочные файлы\RakNet</Filter>
    </ClInclude>
    <ClInclude Include="..\Deps\Rak-Net\Source\RakPeer.h">
      <Filter>Заголовочные файлы\RakNet</Filter>
    </ClInclude>
    <ClInclude Include="..\Deps\Rak-Net\Source\RakPeerInterface.h">
      <Filter>Заголовочные файлы\RakNet</Filter>
    </ClInclude>
    <ClInclude Include="..\Deps\Rak-Net\Source\RakSleep.h">
      <Filter>Заголовочные файлы\RakNet</Filter>
    </ClInclude>
    <ClInclude Include="..\Deps\Rak-Net\Source\RakString.h">
      <Filter>Заголовочные файлы\RakNet</Filter>
    </ClInclude>
    <ClInclude Include="..\Deps\Rak-Net\Source\RakThread.h">
      <Filter>Заголовочные файлы\RakNet</Filter>
    </ClInclude>
    <ClInclude Include="..\Deps\Rak-Net\Source\RakWString.h">
      <Filter>Заголовочные файлы\RakNet</Filter>
    </ClInclude>
    <ClInclude Include="..\Deps\Rak-Net\Source\Rand.h">
      <Filter>Заголовочные файлы\RakNet</Filter>
    </ClInclude>
    <ClInclude Include="..\Deps\Rak-Net\Source\RandSync.h">
      <Filter>Заголовочные файлы\RakNet</Filter>
    </ClInclude>
    <ClInclude Include="..\Deps\Rak-Net\Source\ReadyEvent.h">
      <Filter>Заголовочные файлы\RakNet</Filter>
    </ClInclude>
    <ClInclude Include="..\Deps\Rak-Net\Source\RefCountedObj.h">
      <Filter>Заголовочные файлы\RakNet</Filter>
    </ClInclude>
    <ClInclude Include="..\Deps\Rak-Net\Source\RelayPlugin.h">
      <Filter>Заголовочные файлы\RakNet</Filter>
    </ClInclude>
    <ClInclude Include="..\Deps\Rak-Net\Source\ReliabilityLayer.h">
      <Filter>Заголовочные файлы\RakNet</Filter>
    </ClInclude>
    <ClInclude Include="..\Deps\Rak-Net\Source\ReplicaEnums.h">
      <Filter>Заголовочные файлы\RakNet</Filter>
    </ClInclude>
    <ClInclude Include="..\Deps\Rak-Net\Source\ReplicaManager3.h">
      <Filter>Заголовочные файлы\RakNet</Filter>
    </ClInclude>
    <ClInclude Include="..\Deps\Rak-Net\Source\Router2.h">
      <Filter>Заголовочные файлы\RakNet</Filter>
    </ClInclude>
    <ClInclude Include="..\Deps\Rak-Net\Source\RPC4Plugin.h">
      <Filter>Заголовочные файлы\RakNet</Filter>
    </ClInclude>
    <ClInclude Include="..\Deps\Rak-Net\Source\SecureHandshake.h">
      <Filter>Заголовочные файлы\RakNet</Filter>
    </ClInclude>
    <ClInclude Include="..\Deps\Rak-Net\Source\SendToThread.h">
      <Filter>Заголовочные файлы\RakNet</Filter>
    </ClInclude>
    <ClInclude Include="..\Deps\Rak-Net\Source\SignaledEvent.h">
      <Filter>Заголовочные файлы\RakNet</Filter>
    </ClInclude>
    <ClInclude Include="..\Deps\Rak-Net\Source\SimpleMutex.h">
      <Filter>Заголовочные файлы\RakNet</Filter>
    </ClInclude>
    <ClInclude Include="..\Deps\Rak-Net\Source\SimpleTCPServer.h">
      <Filter>Заголовочные файлы\RakNet</Filter>
    </ClInclude>
    <ClInclude Include="..\Deps\Rak-Net\Source\SingleProducerConsumer.h">
      <Filter>Заголовочные файлы\RakNet</Filter>
    </ClInclude>
    <ClInclude Include="..\Deps\Rak-Net\Source\SocketDefines.h">
      <Filter>Заголовочные файлы\RakNet</Filter>
    </ClInclude>
    <ClInclude Include="..\Deps\Rak-Net\Source\SocketIncludes.h">
      <Filter>Заголовочные файлы\RakNet</Filter>
    </ClInclude>
    <ClInclude Include="..\Deps\Rak-Net\Source\SocketLayer.h">
      <Filter>Заголовочные файлы\RakNet</Filter>
    </ClInclude>
    <ClInclude Include="..\Deps\Rak-Net\Source\StatisticsHistory.h">
      <Filter>Заголовочные файлы\RakNet</Filter>
    </ClInclude>
    <ClInclude Include="..\Deps\Rak-Net\Source\StringCompressor.h">
      <Filter>Заголовочные файлы\RakNet</Filter>
    </ClInclude>
    <ClInclude Include="..\Deps\Rak-Net\Source\StringTable.h">
      <Filter>Заголовочные файлы\RakNet</Filter>
    </ClInclude>
    <ClInclude Include="..\Deps\Rak-Net\Source\SuperFastHash.h">
      <Filter>Заголовочные файлы\RakNet</Filter>
    </ClInclude>
    <ClInclude Include="..\Deps\Rak-Net\Source\TableSerializer.h">
      <Filter>Заголовочные файлы\RakNet</Filter>
    </ClInclude>
    <ClInclude Include="..\Deps\Rak-Net\Source\TCPInterface.h">
      <Filter>Заголовочные файлы\RakNet</Filter>
    </ClInclude>
    <ClInclude Include="..\Deps\Rak-Net\Source\TeamBalancer.h">
      <Filter>Заголовочные файлы\RakNet</Filter>
    </ClInclude>
    <ClInclude Include="..\Deps\Rak-Net\Source\TeamManager.h">
      <Filter>Заголовочные файлы\RakNet</Filter>
    </ClInclude>
    <ClInclude Include="..\Deps\Rak-Net\Source\TelnetTransport.h">
      <Filter>Заголовочные файлы\RakNet</Filter>
    </ClInclude>
    <ClInclude Include="..\Deps\Rak-Net\Source\ThreadPool.h">
      <Filter>Заголовочные файлы\RakNet</Filter>
    </ClInclude>
    <ClInclude Include="..\Deps\Rak-Net\Source\ThreadsafePacketLogger.h">
      <Filter>Заголовочные файлы\RakNet</Filter>
    </ClInclude>
    <ClInclude Include="..\Deps\Rak-Net\Source\TransportInterface.h">
      <Filter>Заголовочные файлы\RakNet</Filter>
    </ClInclude>
    <ClInclude Include="..\Deps\Rak-Net\Source\TwoWayAuthentication.h">
      <Filter>Заголовочные файлы\RakNet</Filter>
    </ClInclude>
    <ClInclude Include="..\Deps\Rak-Net\Source\UDPForwarder.h">
      <Filter>Заголовочные файлы\RakNet</Filter>
    </ClInclude>
    <ClInclude Include="..\Deps\Rak-Net\Source\UDPProxyClient.h">
      <Filter>Заголовочные файлы\RakNet</Filter>
    </ClInclude>
    <ClInclude Include="..\Deps\Rak-Net\Source\UDPProxyCommon.h">
      <Filter>Заголовочные файлы\RakNet</Filter>
    </ClInclude>
    <ClInclude Include="..\Deps\Rak-Net\Source\UDPProxyCoordinator.h">
      <Filter>Заголовочные файлы\RakNet</Filter>
    </ClInclude>
    <ClInclude Include="..\Deps\Rak-Net\Source\UDPProxyServer.h">
      <Filter>Заголовочные файлы\RakNet</Filter>
    </ClInclude>
    <ClInclude Include="..\Deps\Rak-Net\Source\VariableDeltaSerializer.h">
      <Filter>Заголовочные файлы\RakNet</Filter>
    </ClInclude>
    <ClInclude Include="..\Deps\Rak-Net\Source\VariableListDeltaTracker.h">
      <Filter>Заголовочные файлы\RakNet</Filter>
    </ClInclude>
    <ClInclude Include="AuthPoolerPacket.h">
      <Filter>Заголовочные файлы\Server\Packets</Filter>
    </ClInclude>
    <ClInclude Include="GameServerDisconnectHandler.h">
      <Filter>Заголовочные файлы\Server\Handlers</Filter>
    </ClInclude>
    <ClInclude Include="PoolerClientConnectHandler.h">
      <Filter>Заголовочные файлы\Server\Handlers</Filter>
    </ClInclude>
    <ClInclude Include="ServerConnectHandler.h">
      <Filter>Заголовочные файлы\Server\Handlers</Filter>
    </ClInclude>
    <ClInclude Include="VerificationHandler.h">
      <Filter>Заголовочные файлы\Server\Handlers</Filter>
    </ClInclude>
    <ClInclude Include="VerifyPacket.h">
      <Filter>Заголовочные файлы\Server\Packets</Filter>
    </ClInclude>
    <ClInclude Include="Packet.h">
      <Filter>Заголовочные файлы\Server\Packets</Filter>
    </ClInclude>
    <ClInclude Include="VerifyResponseHandler.h">
      <Filter>Заголовочные файлы\Server\Handlers</Filter>
    </ClInclude>
    <ClInclude Include="VerifyResponsePacket.h">
      <Filter>Заголовочные файлы\Server\Packets</Filter>
    </ClInclude>
    <ClInclude Include="LoadWorldPacket.h">
      <Filter>Заголовочные файлы\Server\Packets</Filter>
    </ClInclude>
    <ClInclude Include="WorkerAddEntityPacket.h">
      <Filter>Заголовочные файлы\Server\Packets</Filter>
    </ClInclude>
    <ClInclude Include="CreateWorldPacket.h">
      <Filter>Заголовочные файлы\Server\Packets</Filter>
    </ClInclude>
    <ClInclude Include="PhysicsWorkerConnectHandler.h">
      <Filter>Заголовочные файлы\Server\Handlers</Filter>
    </ClInclude>
    <ClInclude Include="DatabaseWorkerHandler.h">
      <Filter>Заголовочные файлы\Server\Handlers</Filter>
    </ClInclude>
    <ClInclude Include="DbWorkerConnFailHandler.h">
      <Filter>Заголовочные файлы\Server\Handlers</Filter>
    </ClInclude>
    <ClInclude Include="PhyWorkConnFailHanler.h">
      <Filter>Заголовочные файлы\Server\Handlers</Filter>
    </ClInclude>
    <ClInclude Include="ConnToAuthFailHandler.h">
      <Filter>Заголовочные файлы\Server\Handlers</Filter>
    </ClInclude>
    <ClInclude Include="SyncWorkerConnectHandler.h">
      <Filter>Заголовочные файлы\Server\Handlers</Filter>
    </ClInclude>
    <ClInclude Include="CharacterSelectHandler.h">
      <Filter>Заголовочные файлы\Server\Handlers</Filter>
    </ClInclude>
    <ClInclude Include="FInishLoadingWorldHandler.h">
      <Filter>Заголовочные файлы\Server\Handlers</Filter>
    </ClInclude>
    <ClInclude Include="UpdateEntityTask.h">
      <Filter>Заголовочные файлы\Server\Tasks</Filter>
    </ClInclude>
    <ClInclude Include="RemoveEntityTask.h">
      <Filter>Заголовочные файлы\Server\Tasks</Filter>
    </ClInclude>
    <ClInclude Include="GameTask.h">
      <Filter>Заголовочные файлы\Server\Tasks</Filter>
    </ClInclude>
    <ClInclude Include="AddEntityTask.h">
      <Filter>Заголовочные файлы\Server\Tasks</Filter>
    </ClInclude>
    <ClInclude Include="Signal.h">
      <Filter>Заголовочные файлы\Server\Signals</Filter>
    </ClInclude>
    <ClInclude Include="UpdateEntitySignal.h">
      <Filter>Заголовочные файлы\Server\Signals</Filter>
    </ClInclude>
    <ClInclude Include="OnRemoveNearSignal.h">
      <Filter>Заголовочные файлы\Server\Signals</Filter>
    </ClInclude>
    <ClInclude Include="OnAddNearSignal.h">
      <Filter>Заголовочные файлы\Server\Signals</Filter>
    </ClInclude>
    <ClInclude Include="PhysicsWorkerPackets.h">
      <Filter>Заголовочные файлы\Server\Workers</Filter>
    </ClInclude>
    <ClInclude Include="PhysicsWorker.h">
      <Filter>Заголовочные файлы\Server\Workers</Filter>
    </ClInclude>
    <ClInclude Include="DatabaseWorker.h">
      <Filter>Заголовочные файлы\Server\Workers</Filter>
    </ClInclude>
    <ClInclude Include="SyncWorker.h">
      <Filter>Заголовочные файлы\Server\Workers</Filter>
    </ClInclude>
    <ClInclude Include="easylogging++.h">
      <Filter>Заголовочные файлы\Server\Utils</Filter>
    </ClInclude>
    <ClInclude Include="minGlue.h">
      <Filter>Заголовочные файлы\Server\Utils</Filter>
    </ClInclude>
    <ClInclude Include="ServVars.h">
      <Filter>Заголовочные файлы\Server\Utils</Filter>
    </ClInclude>
    <ClInclude Include="Utils.h">
      <Filter>Заголовочные файлы\Server\Utils</Filter>
    </ClInclude>
    <ClInclude Include="Worker.h">
      <Filter>Заголовочные файлы\Server\Workers</Filter>
    </ClInclude>
    <ClInclude Include="Chunk.h">
      <Filter>Заголовочные файлы\Server\GameObjects</Filter>
    </ClInclude>
    <ClInclude Include="Entity.h">
      <Filter>Заголовочные файлы\Server\GameObjects</Filter>
    </ClInclude>
    <ClInclude Include="World.h">
      <Filter>Заголовочные файлы\Server\GameObjects</Filter>
    </ClInclude>
    <ClInclude Include="WorldAttrs.h">
      <Filter>Заголовочные файлы\Server\GameObjects</Filter>
    </ClInclude>
    <ClInclude Include="ConfigLoader.h">
      <Filter>Заголовочные файлы\Server\Utils</Filter>
    </ClInclude>
    <ClInclude Include="FileManager.h">
      <Filter>Заголовочные файлы\Server\Utils</Filter>
    </ClInclude>
    <ClInclude Include="minIni.h">
      <Filter>Заголовочные файлы\Server\Utils</Filter>
    </ClInclude>
    <ClInclude Include="Client.h">
      <Filter>Заголовочные файлы\Server\Net</Filter>
    </ClInclude>
    <ClInclude Include="ConnectedClient.h">
      <Filter>Заголовочные файлы\Server\Net</Filter>
    </ClInclude>
    <ClInclude Include="NetworkListener.h">
      <Filter>Заголовочные файлы\Server\Net</Filter>
    </ClInclude>
    <ClInclude Include="Server.h">
      <Filter>Заголовочные файлы\Server\Net</Filter>
    </ClInclude>
    <ClInclude Include="UserState.h">
      <Filter>Заголовочные файлы\Server\Enums</Filter>
    </ClInclude>
    <ClInclude Include="ClientState.h">
      <Filter>Заголовочные файлы\Server\Enums</Filter>
    </ClInclude>
    <ClInclude Include="PacketTypes.h">
      <Filter>Заголовочные файлы\Server\Enums</Filter>
    </ClInclude>
    <ClInclude Include="Shapes.h">
      <Filter>Заголовочные файлы\Server\Enums</Filter>
    </ClInclude>
    <ClInclude Include="AI.h">
      <Filter>Заголовочные файлы\Server\GameObjects</Filter>
    </ClInclude>
    <ClInclude Include="Avatar.h">
      <Filter>Заголовочные файлы\Server\GameObjects</Filter>
    </ClInclude>
    <ClInclude Include="PacketsPooler.h">
      <Filter>Заголовочные файлы\Server\Utils</Filter>
    </ClInclude>
    <ClInclude Include="FutureHandler.h">
      <Filter>Заголовочные файлы\Server\Utils</Filter>
    </ClInclude>
    <ClInclude Include="PlayerMeeter.h">
      <Filter>Заголовочные файлы\Server\Utils</Filter>
    </ClInclude>
    <ClInclude Include="StateProcessor.h">
      <Filter>Заголовочные файлы\Server\Utils</Filter>
    </ClInclude>
    <ClInclude Include="Stateable.h">
      <Filter>Заголовочные файлы\Server\Net</Filter>
    </ClInclude>
  </ItemGroup>
  <ItemGroup>
    <ClCompile Include="RakServer.cpp">
      <Filter>Файлы исходного кода\Server</Filter>
    </ClCompile>
    <ClCompile Include="stdafx.cpp">
      <Filter>Файлы исходного кода</Filter>
    </ClCompile>
    <ClCompile Include="..\Deps\Rak-Net\Source\UDPForwarder.cpp">
      <Filter>Файлы исходного кода\RakNet</Filter>
    </ClCompile>
    <ClCompile Include="..\Deps\Rak-Net\Source\UDPProxyClient.cpp">
      <Filter>Файлы исходного кода\RakNet</Filter>
    </ClCompile>
    <ClCompile Include="..\Deps\Rak-Net\Source\UDPProxyCoordinator.cpp">
      <Filter>Файлы исходного кода\RakNet</Filter>
    </ClCompile>
    <ClCompile Include="..\Deps\Rak-Net\Source\UDPProxyServer.cpp">
      <Filter>Файлы исходного кода\RakNet</Filter>
    </ClCompile>
    <ClCompile Include="..\Deps\Rak-Net\Source\VariableDeltaSerializer.cpp">
      <Filter>Файлы исходного кода\RakNet</Filter>
    </ClCompile>
    <ClCompile Include="..\Deps\Rak-Net\Source\VariableListDeltaTracker.cpp">
      <Filter>Файлы исходного кода\RakNet</Filter>
    </ClCompile>
    <ClCompile Include="..\Deps\Rak-Net\Source\VariadicSQLParser.cpp">
      <Filter>Файлы исходного кода\RakNet</Filter>
    </ClCompile>
    <ClCompile Include="..\Deps\Rak-Net\Source\VitaIncludes.cpp">
      <Filter>Файлы исходного кода\RakNet</Filter>
    </ClCompile>
    <ClCompile Include="..\Deps\Rak-Net\Source\WSAStartupSingleton.cpp">
      <Filter>Файлы исходного кода\RakNet</Filter>
    </ClCompile>
    <ClCompile Include="..\Deps\Rak-Net\Source\_FindFirst.cpp">
      <Filter>Файлы исходного кода\RakNet</Filter>
    </ClCompile>
    <ClCompile Include="..\Deps\Rak-Net\Source\Base64Encoder.cpp">
      <Filter>Файлы исходного кода\RakNet</Filter>
    </ClCompile>
    <ClCompile Include="..\Deps\Rak-Net\Source\BitStream.cpp">
      <Filter>Файлы исходного кода\RakNet</Filter>
    </ClCompile>
    <ClCompile Include="..\Deps\Rak-Net\Source\CCRakNetSlidingWindow.cpp">
      <Filter>Файлы исходного кода\RakNet</Filter>
    </ClCompile>
    <ClCompile Include="..\Deps\Rak-Net\Source\CCRakNetUDT.cpp">
      <Filter>Файлы исходного кода\RakNet</Filter>
    </ClCompile>
    <ClCompile Include="..\Deps\Rak-Net\Source\CheckSum.cpp">
      <Filter>Файлы исходного кода\RakNet</Filter>
    </ClCompile>
    <ClCompile Include="..\Deps\Rak-Net\Source\CloudClient.cpp">
      <Filter>Файлы исходного кода\RakNet</Filter>
    </ClCompile>
    <ClCompile Include="..\Deps\Rak-Net\Source\CloudCommon.cpp">
      <Filter>Файлы исходного кода\RakNet</Filter>
    </ClCompile>
    <ClCompile Include="..\Deps\Rak-Net\Source\CloudServer.cpp">
      <Filter>Файлы исходного кода\RakNet</Filter>
    </ClCompile>
    <ClCompile Include="..\Deps\Rak-Net\Source\CommandParserInterface.cpp">
      <Filter>Файлы исходного кода\RakNet</Filter>
    </ClCompile>
    <ClCompile Include="..\Deps\Rak-Net\Source\ConnectionGraph2.cpp">
      <Filter>Файлы исходного кода\RakNet</Filter>
    </ClCompile>
    <ClCompile Include="..\Deps\Rak-Net\Source\ConsoleServer.cpp">
      <Filter>Файлы исходного кода\RakNet</Filter>
    </ClCompile>
    <ClCompile Include="..\Deps\Rak-Net\Source\DataCompressor.cpp">
      <Filter>Файлы исходного кода\RakNet</Filter>
    </ClCompile>
    <ClCompile Include="..\Deps\Rak-Net\Source\DirectoryDeltaTransfer.cpp">
      <Filter>Файлы исходного кода\RakNet</Filter>
    </ClCompile>
    <ClCompile Include="..\Deps\Rak-Net\Source\DR_SHA1.cpp">
      <Filter>Файлы исходного кода\RakNet</Filter>
    </ClCompile>
    <ClCompile Include="..\Deps\Rak-Net\Source\DS_BytePool.cpp">
      <Filter>Файлы исходного кода\RakNet</Filter>
    </ClCompile>
    <ClCompile Include="..\Deps\Rak-Net\Source\DS_ByteQueue.cpp">
      <Filter>Файлы исходного кода\RakNet</Filter>
    </ClCompile>
    <ClCompile Include="..\Deps\Rak-Net\Source\DS_HuffmanEncodingTree.cpp">
      <Filter>Файлы исходного кода\RakNet</Filter>
    </ClCompile>
    <ClCompile Include="..\Deps\Rak-Net\Source\DS_Table.cpp">
      <Filter>Файлы исходного кода\RakNet</Filter>
    </ClCompile>
    <ClCompile Include="..\Deps\Rak-Net\Source\DynDNS.cpp">
      <Filter>Файлы исходного кода\RakNet</Filter>
    </ClCompile>
    <ClCompile Include="..\Deps\Rak-Net\Source\EmailSender.cpp">
      <Filter>Файлы исходного кода\RakNet</Filter>
    </ClCompile>
    <ClCompile Include="..\Deps\Rak-Net\Source\EpochTimeToString.cpp">
      <Filter>Файлы исходного кода\RakNet</Filter>
    </ClCompile>
    <ClCompile Include="..\Deps\Rak-Net\Source\FileList.cpp">
      <Filter>Файлы исходного кода\RakNet</Filter>
    </ClCompile>
    <ClCompile Include="..\Deps\Rak-Net\Source\FileListTransfer.cpp">
      <Filter>Файлы исходного кода\RakNet</Filter>
    </ClCompile>
    <ClCompile Include="..\Deps\Rak-Net\Source\FileOperations.cpp">
      <Filter>Файлы исходного кода\RakNet</Filter>
    </ClCompile>
    <ClCompile Include="..\Deps\Rak-Net\Source\FormatString.cpp">
      <Filter>Файлы исходного кода\RakNet</Filter>
    </ClCompile>
    <ClCompile Include="..\Deps\Rak-Net\Source\FullyConnectedMesh2.cpp">
      <Filter>Файлы исходного кода\RakNet</Filter>
    </ClCompile>
    <ClCompile Include="..\Deps\Rak-Net\Source\Getche.cpp">
      <Filter>Файлы исходного кода\RakNet</Filter>
    </ClCompile>
    <ClCompile Include="..\Deps\Rak-Net\Source\Gets.cpp">
      <Filter>Файлы исходного кода\RakNet</Filter>
    </ClCompile>
    <ClCompile Include="..\Deps\Rak-Net\Source\GetTime.cpp">
      <Filter>Файлы исходного кода\RakNet</Filter>
    </ClCompile>
    <ClCompile Include="..\Deps\Rak-Net\Source\gettimeofday.cpp">
      <Filter>Файлы исходного кода\RakNet</Filter>
    </ClCompile>
    <ClCompile Include="..\Deps\Rak-Net\Source\GridSectorizer.cpp">
      <Filter>Файлы исходного кода\RakNet</Filter>
    </ClCompile>
    <ClCompile Include="..\Deps\Rak-Net\Source\HTTPConnection.cpp">
      <Filter>Файлы исходного кода\RakNet</Filter>
    </ClCompile>
    <ClCompile Include="..\Deps\Rak-Net\Source\HTTPConnection2.cpp">
      <Filter>Файлы исходного кода\RakNet</Filter>
    </ClCompile>
    <ClCompile Include="..\Deps\Rak-Net\Source\IncrementalReadInterface.cpp">
      <Filter>Файлы исходного кода\RakNet</Filter>
    </ClCompile>
    <ClCompile Include="..\Deps\Rak-Net\Source\Itoa.cpp">
      <Filter>Файлы исходного кода\RakNet</Filter>
    </ClCompile>
    <ClCompile Include="..\Deps\Rak-Net\Source\LinuxStrings.cpp">
      <Filter>Файлы исходного кода\RakNet</Filter>
    </ClCompile>
    <ClCompile Include="..\Deps\Rak-Net\Source\LocklessTypes.cpp">
      <Filter>Файлы исходного кода\RakNet</Filter>
    </ClCompile>
    <ClCompile Include="..\Deps\Rak-Net\Source\LogCommandParser.cpp">
      <Filter>Файлы исходного кода\RakNet</Filter>
    </ClCompile>
    <ClCompile Include="..\Deps\Rak-Net\Source\MessageFilter.cpp">
      <Filter>Файлы исходного кода\RakNet</Filter>
    </ClCompile>
    <ClCompile Include="..\Deps\Rak-Net\Source\NatPunchthroughClient.cpp">
      <Filter>Файлы исходного кода\RakNet</Filter>
    </ClCompile>
    <ClCompile Include="..\Deps\Rak-Net\Source\NatPunchthroughServer.cpp">
      <Filter>Файлы исходного кода\RakNet</Filter>
    </ClCompile>
    <ClCompile Include="..\Deps\Rak-Net\Source\NatTypeDetectionClient.cpp">
      <Filter>Файлы исходного кода\RakNet</Filter>
    </ClCompile>
    <ClCompile Include="..\Deps\Rak-Net\Source\NatTypeDetectionCommon.cpp">
      <Filter>Файлы исходного кода\RakNet</Filter>
    </ClCompile>
    <ClCompile Include="..\Deps\Rak-Net\Source\NatTypeDetectionServer.cpp">
      <Filter>Файлы исходного кода\RakNet</Filter>
    </ClCompile>
    <ClCompile Include="..\Deps\Rak-Net\Source\NetworkIDManager.cpp">
      <Filter>Файлы исходного кода\RakNet</Filter>
    </ClCompile>
    <ClCompile Include="..\Deps\Rak-Net\Source\NetworkIDObject.cpp">
      <Filter>Файлы исходного кода\RakNet</Filter>
    </ClCompile>
    <ClCompile Include="..\Deps\Rak-Net\Source\PacketConsoleLogger.cpp">
      <Filter>Файлы исходного кода\RakNet</Filter>
    </ClCompile>
    <ClCompile Include="..\Deps\Rak-Net\Source\PacketFileLogger.cpp">
      <Filter>Файлы исходного кода\RakNet</Filter>
    </ClCompile>
    <ClCompile Include="..\Deps\Rak-Net\Source\PacketizedTCP.cpp">
      <Filter>Файлы исходного кода\RakNet</Filter>
    </ClCompile>
    <ClCompile Include="..\Deps\Rak-Net\Source\PacketLogger.cpp">
      <Filter>Файлы исходного кода\RakNet</Filter>
    </ClCompile>
    <ClCompile Include="..\Deps\Rak-Net\Source\PacketOutputWindowLogger.cpp">
      <Filter>Файлы исходного кода\RakNet</Filter>
    </ClCompile>
    <ClCompile Include="..\Deps\Rak-Net\Source\PluginInterface2.cpp">
      <Filter>Файлы исходного кода\RakNet</Filter>
    </ClCompile>
    <ClCompile Include="..\Deps\Rak-Net\Source\PS4Includes.cpp">
      <Filter>Файлы исходного кода\RakNet</Filter>
    </ClCompile>
    <ClCompile Include="..\Deps\Rak-Net\Source\Rackspace.cpp">
      <Filter>Файлы исходного кода\RakNet</Filter>
    </ClCompile>
    <ClCompile Include="..\Deps\Rak-Net\Source\RakMemoryOverride.cpp">
      <Filter>Файлы исходного кода\RakNet</Filter>
    </ClCompile>
    <ClCompile Include="..\Deps\Rak-Net\Source\RakNetCommandParser.cpp">
      <Filter>Файлы исходного кода\RakNet</Filter>
    </ClCompile>
    <ClCompile Include="..\Deps\Rak-Net\Source\RakNetSocket.cpp">
      <Filter>Файлы исходного кода\RakNet</Filter>
    </ClCompile>
    <ClCompile Include="..\Deps\Rak-Net\Source\RakNetSocket2.cpp">
      <Filter>Файлы исходного кода\RakNet</Filter>
    </ClCompile>
    <ClCompile Include="..\Deps\Rak-Net\Source\RakNetSocket2_360_720.cpp">
      <Filter>Файлы исходного кода\RakNet</Filter>
    </ClCompile>
    <ClCompile Include="..\Deps\Rak-Net\Source\RakNetSocket2_Berkley.cpp">
      <Filter>Файлы исходного кода\RakNet</Filter>
    </ClCompile>
    <ClCompile Include="..\Deps\Rak-Net\Source\RakNetSocket2_Berkley_NativeClient.cpp">
      <Filter>Файлы исходного кода\RakNet</Filter>
    </ClCompile>
    <ClCompile Include="..\Deps\Rak-Net\Source\RakNetSocket2_NativeClient.cpp">
      <Filter>Файлы исходного кода\RakNet</Filter>
    </ClCompile>
    <ClCompile Include="..\Deps\Rak-Net\Source\RakNetSocket2_PS3_PS4.cpp">
      <Filter>Файлы исходного кода\RakNet</Filter>
    </ClCompile>
    <ClCompile Include="..\Deps\Rak-Net\Source\RakNetSocket2_PS4.cpp">
      <Filter>Файлы исходного кода\RakNet</Filter>
    </ClCompile>
    <ClCompile Include="..\Deps\Rak-Net\Source\RakNetSocket2_Vita.cpp">
      <Filter>Файлы исходного кода\RakNet</Filter>
    </ClCompile>
    <ClCompile Include="..\Deps\Rak-Net\Source\RakNetSocket2_Windows_Linux.cpp">
      <Filter>Файлы исходного кода\RakNet</Filter>
    </ClCompile>
    <ClCompile Include="..\Deps\Rak-Net\Source\RakNetSocket2_Windows_Linux_360.cpp">
      <Filter>Файлы исходного кода\RakNet</Filter>
    </ClCompile>
    <ClCompile Include="..\Deps\Rak-Net\Source\RakNetSocket2_WindowsStore8.cpp">
      <Filter>Файлы исходного кода\RakNet</Filter>
    </ClCompile>
    <ClCompile Include="..\Deps\Rak-Net\Source\RakNetStatistics.cpp">
      <Filter>Файлы исходного кода\RakNet</Filter>
    </ClCompile>
    <ClCompile Include="..\Deps\Rak-Net\Source\RakNetTransport2.cpp">
      <Filter>Файлы исходного кода\RakNet</Filter>
    </ClCompile>
    <ClCompile Include="..\Deps\Rak-Net\Source\RakNetTypes.cpp">
      <Filter>Файлы исходного кода\RakNet</Filter>
    </ClCompile>
    <ClCompile Include="..\Deps\Rak-Net\Source\RakPeer.cpp">
      <Filter>Файлы исходного кода\RakNet</Filter>
    </ClCompile>
    <ClCompile Include="..\Deps\Rak-Net\Source\RakSleep.cpp">
      <Filter>Файлы исходного кода\RakNet</Filter>
    </ClCompile>
    <ClCompile Include="..\Deps\Rak-Net\Source\RakString.cpp">
      <Filter>Файлы исходного кода\RakNet</Filter>
    </ClCompile>
    <ClCompile Include="..\Deps\Rak-Net\Source\RakThread.cpp">
      <Filter>Файлы исходного кода\RakNet</Filter>
    </ClCompile>
    <ClCompile Include="..\Deps\Rak-Net\Source\RakWString.cpp">
      <Filter>Файлы исходного кода\RakNet</Filter>
    </ClCompile>
    <ClCompile Include="..\Deps\Rak-Net\Source\Rand.cpp">
      <Filter>Файлы исходного кода\RakNet</Filter>
    </ClCompile>
    <ClCompile Include="..\Deps\Rak-Net\Source\RandSync.cpp">
      <Filter>Файлы исходного кода\RakNet</Filter>
    </ClCompile>
    <ClCompile Include="..\Deps\Rak-Net\Source\ReadyEvent.cpp">
      <Filter>Файлы исходного кода\RakNet</Filter>
    </ClCompile>
    <ClCompile Include="..\Deps\Rak-Net\Source\RelayPlugin.cpp">
      <Filter>Файлы исходного кода\RakNet</Filter>
    </ClCompile>
    <ClCompile Include="..\Deps\Rak-Net\Source\ReliabilityLayer.cpp">
      <Filter>Файлы исходного кода\RakNet</Filter>
    </ClCompile>
    <ClCompile Include="..\Deps\Rak-Net\Source\ReplicaManager3.cpp">
      <Filter>Файлы исходного кода\RakNet</Filter>
    </ClCompile>
    <ClCompile Include="..\Deps\Rak-Net\Source\Router2.cpp">
      <Filter>Файлы исходного кода\RakNet</Filter>
    </ClCompile>
    <ClCompile Include="..\Deps\Rak-Net\Source\RPC4Plugin.cpp">
      <Filter>Файлы исходного кода\RakNet</Filter>
    </ClCompile>
    <ClCompile Include="..\Deps\Rak-Net\Source\SecureHandshake.cpp">
      <Filter>Файлы исходного кода\RakNet</Filter>
    </ClCompile>
    <ClCompile Include="..\Deps\Rak-Net\Source\SendToThread.cpp">
      <Filter>Файлы исходного кода\RakNet</Filter>
    </ClCompile>
    <ClCompile Include="..\Deps\Rak-Net\Source\SignaledEvent.cpp">
      <Filter>Файлы исходного кода\RakNet</Filter>
    </ClCompile>
    <ClCompile Include="..\Deps\Rak-Net\Source\SimpleMutex.cpp">
      <Filter>Файлы исходного кода\RakNet</Filter>
    </ClCompile>
    <ClCompile Include="..\Deps\Rak-Net\Source\SocketLayer.cpp">
      <Filter>Файлы исходного кода\RakNet</Filter>
    </ClCompile>
    <ClCompile Include="..\Deps\Rak-Net\Source\StatisticsHistory.cpp">
      <Filter>Файлы исходного кода\RakNet</Filter>
    </ClCompile>
    <ClCompile Include="..\Deps\Rak-Net\Source\StringCompressor.cpp">
      <Filter>Файлы исходного кода\RakNet</Filter>
    </ClCompile>
    <ClCompile Include="..\Deps\Rak-Net\Source\StringTable.cpp">
      <Filter>Файлы исходного кода\RakNet</Filter>
    </ClCompile>
    <ClCompile Include="..\Deps\Rak-Net\Source\SuperFastHash.cpp">
      <Filter>Файлы исходного кода\RakNet</Filter>
    </ClCompile>
    <ClCompile Include="..\Deps\Rak-Net\Source\TableSerializer.cpp">
      <Filter>Файлы исходного кода\RakNet</Filter>
    </ClCompile>
    <ClCompile Include="..\Deps\Rak-Net\Source\TCPInterface.cpp">
      <Filter>Файлы исходного кода\RakNet</Filter>
    </ClCompile>
    <ClCompile Include="..\Deps\Rak-Net\Source\TeamBalancer.cpp">
      <Filter>Файлы исходного кода\RakNet</Filter>
    </ClCompile>
    <ClCompile Include="..\Deps\Rak-Net\Source\TeamManager.cpp">
      <Filter>Файлы исходного кода\RakNet</Filter>
    </ClCompile>
    <ClCompile Include="..\Deps\Rak-Net\Source\TelnetTransport.cpp">
      <Filter>Файлы исходного кода\RakNet</Filter>
    </ClCompile>
    <ClCompile Include="..\Deps\Rak-Net\Source\ThreadsafePacketLogger.cpp">
      <Filter>Файлы исходного кода\RakNet</Filter>
    </ClCompile>
    <ClCompile Include="..\Deps\Rak-Net\Source\TwoWayAuthentication.cpp">
      <Filter>Файлы исходного кода\RakNet</Filter>
    </ClCompile>
    <ClCompile Include="AuthPoolerPacket.cpp">
      <Filter>Файлы исходного кода\Server\Packets</Filter>
    </ClCompile>
    <ClCompile Include="VerifyPacket.cpp">
      <Filter>Файлы исходного кода\Server\Packets</Filter>
    </ClCompile>
    <ClCompile Include="WorkerAddEntityPacket.cpp">
      <Filter>Файлы исходного кода\Server\Packets</Filter>
    </ClCompile>
    <ClCompile Include="VerifyResponsePacket.cpp">
      <Filter>Файлы исходного кода\Server\Packets</Filter>
    </ClCompile>
    <ClCompile Include="CreateWorldPacket.cpp">
      <Filter>Файлы исходного кода\Server\Packets</Filter>
    </ClCompile>
    <ClCompile Include="Client.cpp">
      <Filter>Файлы исходного кода\Server\Net</Filter>
    </ClCompile>
    <ClCompile Include="ConfigLoader.cpp">
      <Filter>Файлы исходного кода\Server\Utils</Filter>
    </ClCompile>
    <ClCompile Include="ConnectedClient.cpp">
      <Filter>Файлы исходного кода\Server\Net</Filter>
    </ClCompile>
    <ClCompile Include="NetworkListener.cpp">
      <Filter>Файлы исходного кода\Server\Net</Filter>
    </ClCompile>
    <ClCompile Include="DatabaseWorker.cpp">
      <Filter>Файлы исходного кода\Server\Workers</Filter>
    </ClCompile>
    <ClCompile Include="minIni.c">
      <Filter>Файлы исходного кода\Server\Utils</Filter>
    </ClCompile>
    <ClCompile Include="FileManager.cpp">
      <Filter>Файлы исходного кода\Server\Utils</Filter>
    </ClCompile>
    <ClCompile Include="FutureHandler.cpp">
      <Filter>Файлы исходного кода\Server\Utils</Filter>
    </ClCompile>
    <ClCompile Include="PacketsPooler.cpp">
      <Filter>Файлы исходного кода\Server\Utils</Filter>
    </ClCompile>
    <ClCompile Include="PlayerMeeter.cpp">
      <Filter>Файлы исходного кода\Server\Utils</Filter>
    </ClCompile>
    <ClCompile Include="StateProcessor.cpp">
      <Filter>Файлы исходного кода\Server\Utils</Filter>
    </ClCompile>
    <ClCompile Include="Entity.cpp">
      <Filter>Файлы исходного кода\Server\GameObjects</Filter>
    </ClCompile>
    <ClCompile Include="World.cpp">
      <Filter>Файлы исходного кода\Server\GameObjects</Filter>
    </ClCompile>
    <ClCompile Include="Avatar.cpp">
      <Filter>Файлы исходного кода\Server\GameObjects</Filter>
    </ClCompile>
    <ClCompile Include="AI.cpp">
      <Filter>Файлы исходного кода\Server\GameObjects</Filter>
    </ClCompile>
    <ClCompile Include="GameTask.cpp">
      <Filter>Файлы исходного кода\Server\Low</Filter>
    </ClCompile>
    <ClCompile Include="OnRemoveNearSignal.cpp">
      <Filter>Файлы исходного кода\Server\Signals</Filter>
    </ClCompile>
    <ClCompile Include="OnAddNearSignal.cpp">
      <Filter>Файлы исходного кода\Server\Signals</Filter>
    </ClCompile>
    <ClCompile Include="Signal.cpp">
      <Filter>Файлы исходного кода\Server\Signals</Filter>
    </ClCompile>
    <ClCompile Include="UpdateEntitySignal.cpp">
      <Filter>Файлы исходного кода\Server\Signals</Filter>
    </ClCompile>
    <ClCompile Include="SyncWorker.cpp">
      <Filter>Файлы исходного кода\Server\Workers</Filter>
    </ClCompile>
    <ClCompile Include="Worker.cpp">
      <Filter>Файлы исходного кода\Server\Workers</Filter>
    </ClCompile>
    <ClCompile Include="PhysicsWorker.cpp">
      <Filter>Файлы исходного кода\Server\Workers</Filter>
    </ClCompile>
    <ClCompile Include="Server.cpp">
      <Filter>Файлы исходного кода\Server\Net</Filter>
    </ClCompile>
    <ClCompile Include="RemoveEntityTask.cpp">
      <Filter>Файлы исходного кода\Server\Tasks</Filter>
    </ClCompile>
    <ClCompile Include="AddEntityTask.cpp">
      <Filter>Файлы исходного кода\Server\Tasks</Filter>
    </ClCompile>
    <ClCompile Include="UpdateEntityTask.cpp">
      <Filter>Файлы исходного кода\Server\Tasks</Filter>
    </ClCompile>
    <ClCompile Include="Stateable.cpp">
      <Filter>Файлы исходного кода\Server\Net</Filter>
    </ClCompile>
  </ItemGroup>
</Project>